
Microsoft Visual Studio Solution File, Format Version 12.00
# Visual Studio Version 17
VisualStudioVersion = 17.11.35327.3
MinimumVisualStudioVersion = 10.0.40219.1
Project("{9A19103F-16F7-4668-BE54-9A1E7A4F7556}") = "LaRottaO.OfficeTranslationTool", "LaRottaO.OfficeTranslationTool\LaRottaO.OfficeTranslationTool.csproj", "{CDD9AF09-419B-4442-A07A-B72F15F77045}"
EndProject
Global
	GlobalSection(SolutionConfigurationPlatforms) = preSolution
		Debug|Any CPU = Debug|Any CPU
		Release|Any CPU = Release|Any CPU
	EndGlobalSection
	GlobalSection(ProjectConfigurationPlatforms) = postSolution
		{CDD9AF09-419B-4442-A07A-B72F15F77045}.Debug|Any CPU.ActiveCfg = Debug|Any CPU
		{CDD9AF09-419B-4442-A07A-B72F15F77045}.Debug|Any CPU.Build.0 = Debug|Any CPU
		{CDD9AF09-419B-4442-A07A-B72F15F77045}.Release|Any CPU.ActiveCfg = Release|Any CPU
		{CDD9AF09-419B-4442-A07A-B72F15F77045}.Release|Any CPU.Build.0 = Release|Any CPU
	EndGlobalSection
	GlobalSection(SolutionProperties) = preSolution
		HideSolutionNode = FALSE
	EndGlobalSection
	GlobalSection(ExtensibilityGlobals) = postSolution
		SolutionGuid = {4966BCE3-4720-4617-B35E-D122E0167AC0}
	EndGlobalSection
EndGlobal
